Microsoft Visual Studio Solution File, Format Version 12.00
# Visual Studio Version 17
VisualStudioVersion = 17.12.35527.113
MinimumVisualStudioVersion = 10.0.40219.1
Project("{FAE04EC0-301F-11D3-BF4B-00C04F79EFBC}") = "QuantumEngine.Core", "QuantumEngine.Core\QuantumEngine.Core.csproj", "{E414A031-E41C-4DA7-8370-162F040CF9DB}"
EndProject
Project("{FAE04EC0-301F-11D3-BF4B-00C04F79EFBC}") = "TestApp", "TestApp\TestApp.csproj", "{D750A299-2419-4C72-B5A0-5D020FBA24DF}"
EndProject
Project("{FAE04EC0-301F-11D3-BF4B-00C04F79EFBC}") = "AppLib", "AppLib\AppLib.csproj", "{F2BBF5FF-86C2-4A15-AF68-9A8B3CFCA101}"
EndProject
Project("{FAE04EC0-301F-11D3-BF4B-00C04F79EFBC}") = "Launcher", "Launcher\Launcher.csproj", "{C814A43B-3D51-47DE-9472-A655EF6FEA10}"
EndProject
Project("{2150E333-8FDC-42A3-9474-1A3956D46DE8}") = "Natives", "Natives", "{304E64FF-6C8C-494E-A0A4-DDBDB4AE76A3}"
EndProject
Project("{8BC9CEB8-8B4A-11D0-8D11-00A0C91BC942}") = "MirageAPI", "Natives\MirageAPI\MirageAPI.vcxproj", "{69687DF9-971E-491C-B8FB-016ECC241606}"
EndProject
Project("{FAE04EC0-301F-11D3-BF4B-00C04F79EFBC}") = "QuantumEngine", "QuantumEngine\QuantumEngine.csproj", "{4EC3B9AC-46BC-4370-9234-A02A4F085900}"
EndProject
Project("{FAE04EC0-301F-11D3-BF4B-00C04F79EFBC}") = "Quantum.Sdk", "Quantum.Sdk\src\Quantum.Sdk\Quantum.Sdk.csproj", "{62E3453D-A999-487E-AE37-E2FE7F6730EC}"
EndProject
Project("{FAE04EC0-301F-11D3-BF4B-00C04F79EFBC}") = "Quantum.Cli", "Quantum.Sdk\src\Quantum.Cli\Quantum.Cli.csproj", "{4E4D0319-A68D-44EA-AE94-85D579B7C3A6}"
EndProject
Project("{2150E333-8FDC-42A3-9474-1A3956D46DE8}") = "Quantum.Sdk", "Quantum.Sdk", "{D98C29F5-A837-4749-8491-C933AE6D5340}"
EndProject
Project("{FAE04EC0-301F-11D3-BF4B-00C04F79EFBC}") = "TestSdk", "Quantum.Sdk\TestSdk\TestSdk.csproj", "{F69D05F3-594A-4A4E-BC8B-9EC8D9F9121E}"
EndProject
Project("{FAE04EC0-301F-11D3-BF4B-00C04F79EFBC}") = "Quantum.Sdk.Tasks", "Quantum.Sdk\src\Quantum.Sdk.Tasks\Quantum.Sdk.Tasks.csproj", "{10B67EE0-5BC0-4F78-9C7C-E54373BF7456}"
EndProject
Project("{8BC9CEB8-8B4A-11D0-8D11-00A0C91BC942}") = "MirageAPI.OXR", "Natives\MirageAPI.OXR\MirageAPI.OXR.vcxproj", "{08C0AEFF-A697-4F56-82FF-563B137E1C55}"
EndProject
Project("{8BC9CEB8-8B4A-11D0-8D11-00A0C91BC942}") = "MirageAPI.DX12", "Natives\MirageAPI.DX12\MirageAPI.DX12.vcxproj", "{65CD55AB-D754-4B14-9AF8-F0C75CE95320}"
EndProject
Global
	GlobalSection(SolutionConfigurationPlatforms) = preSolution
		Debug|x64 = Debug|x64
		Release|x64 = Release|x64
	EndGlobalSection
	GlobalSection(ProjectConfigurationPlatforms) = postSolution
		{E414A031-E41C-4DA7-8370-162F040CF9DB}.Debug|x64.ActiveCfg = Debug|x64
		{E414A031-E41C-4DA7-8370-162F040CF9DB}.Release|x64.ActiveCfg = Release|x64
		{E414A031-E41C-4DA7-8370-162F040CF9DB}.Release|x64.Build.0 = Release|x64
		{E414A031-E41C-4DA7-8370-162F040CF9DB}.Debug|x64.Build.0 = Debug|x64
		{D750A299-2419-4C72-B5A0-5D020FBA24DF}.Debug|x64.ActiveCfg = Debug|x64
		{D750A299-2419-4C72-B5A0-5D020FBA24DF}.Debug|x64.Build.0 = Debug|x64
		{D750A299-2419-4C72-B5A0-5D020FBA24DF}.Release|x64.ActiveCfg = Release|x64
		{D750A299-2419-4C72-B5A0-5D020FBA24DF}.Release|x64.Build.0 = Release|x64
		{F2BBF5FF-86C2-4A15-AF68-9A8B3CFCA101}.Debug|x64.ActiveCfg = Debug|x64
		{F2BBF5FF-86C2-4A15-AF68-9A8B3CFCA101}.Debug|x64.Build.0 = Debug|x64
		{F2BBF5FF-86C2-4A15-AF68-9A8B3CFCA101}.Release|x64.ActiveCfg = Release|x64
		{F2BBF5FF-86C2-4A15-AF68-9A8B3CFCA101}.Release|x64.Build.0 = Release|x64
		{C814A43B-3D51-47DE-9472-A655EF6FEA10}.Debug|x64.ActiveCfg = Debug|x64
		{C814A43B-3D51-47DE-9472-A655EF6FEA10}.Release|x64.ActiveCfg = Release|x64
		{C814A43B-3D51-47DE-9472-A655EF6FEA10}.Release|x64.Build.0 = Release|x64
		{C814A43B-3D51-47DE-9472-A655EF6FEA10}.Debug|x64.Build.0 = Debug|x64
		{69687DF9-971E-491C-B8FB-016ECC241606}.Debug|x64.ActiveCfg = Debug|x64
		{69687DF9-971E-491C-B8FB-016ECC241606}.Debug|x64.Build.0 = Debug|x64
		{69687DF9-971E-491C-B8FB-016ECC241606}.Release|x64.ActiveCfg = Release|x64
		{69687DF9-971E-491C-B8FB-016ECC241606}.Release|x64.Build.0 = Release|x64
		{4EC3B9AC-46BC-4370-9234-A02A4F085900}.Debug|x64.ActiveCfg = Debug|x64
		{4EC3B9AC-46BC-4370-9234-A02A4F085900}.Debug|x64.Build.0 = Debug|x64
		{4EC3B9AC-46BC-4370-9234-A02A4F085900}.Release|x64.ActiveCfg = Release|x64
		{4EC3B9AC-46BC-4370-9234-A02A4F085900}.Release|x64.Build.0 = Release|x64
		{62E3453D-A999-487E-AE37-E2FE7F6730EC}.Debug|x64.ActiveCfg = Debug|Any CPU
		{62E3453D-A999-487E-AE37-E2FE7F6730EC}.Release|x64.ActiveCfg = Release|Any CPU
		{62E3453D-A999-487E-AE37-E2FE7F6730EC}.Release|x64.Build.0 = Release|Any CPU
		{4E4D0319-A68D-44EA-AE94-85D579B7C3A6}.Debug|x64.ActiveCfg = Debug|Any CPU
		{4E4D0319-A68D-44EA-AE94-85D579B7C3A6}.Release|x64.ActiveCfg = Release|Any CPU
		{4E4D0319-A68D-44EA-AE94-85D579B7C3A6}.Release|x64.Build.0 = Release|Any CPU
		{F69D05F3-594A-4A4E-BC8B-9EC8D9F9121E}.Debug|x64.ActiveCfg = Debug|x64
		{F69D05F3-594A-4A4E-BC8B-9EC8D9F9121E}.Release|x64.ActiveCfg = Release|x64
		{F69D05F3-594A-4A4E-BC8B-9EC8D9F9121E}.Release|x64.Build.0 = Release|x64
		{10B67EE0-5BC0-4F78-9C7C-E54373BF7456}.Debug|x64.ActiveCfg = Debug|Any CPU
		{10B67EE0-5BC0-4F78-9C7C-E54373BF7456}.Release|x64.ActiveCfg = Release|Any CPU
		{10B67EE0-5BC0-4F78-9C7C-E54373BF7456}.Release|x64.Build.0 = Release|Any CPU
		{08C0AEFF-A697-4F56-82FF-563B137E1C55}.Debug|x64.ActiveCfg = Debug|x64
		{08C0AEFF-A697-4F56-82FF-563B137E1C55}.Release|x64.ActiveCfg = Release|x64
		{08C0AEFF-A697-4F56-82FF-563B137E1C55}.Release|x64.Build.0 = Release|x64
		{65CD55AB-D754-4B14-9AF8-F0C75CE95320}.Debug|x64.ActiveCfg = Debug|x64
		{65CD55AB-D754-4B14-9AF8-F0C75CE95320}.Release|x64.ActiveCfg = Release|x64
		{65CD55AB-D754-4B14-9AF8-F0C75CE95320}.Release|x64.Build.0 = Release|x64
	EndGlobalSection
	GlobalSection(SolutionProperties) = preSolution
		HideSolutionNode = FALSE
	EndGlobalSection
	GlobalSection(NestedProjects) = preSolution
		{69687DF9-971E-491C-B8FB-016ECC241606} = {304E64FF-6C8C-494E-A0A4-DDBDB4AE76A3}
		{62E3453D-A999-487E-AE37-E2FE7F6730EC} = {D98C29F5-A837-4749-8491-C933AE6D5340}
		{4E4D0319-A68D-44EA-AE94-85D579B7C3A6} = {D98C29F5-A837-4749-8491-C933AE6D5340}
		{F69D05F3-594A-4A4E-BC8B-9EC8D9F9121E} = {D98C29F5-A837-4749-8491-C933AE6D5340}
		{10B67EE0-5BC0-4F78-9C7C-E54373BF7456} = {D98C29F5-A837-4749-8491-C933AE6D5340}
		{08C0AEFF-A697-4F56-82FF-563B137E1C55} = {304E64FF-6C8C-494E-A0A4-DDBDB4AE76A3}
		{65CD55AB-D754-4B14-9AF8-F0C75CE95320} = {304E64FF-6C8C-494E-A0A4-DDBDB4AE76A3}
	EndGlobalSection
EndGlobal
